using System;

namespace treinandoWhile {

    class Program {
        static void Main(string[] args) {


            /* Exercicio 01
             * Escreva um programa que repita a leitura de uma senha até que ela seja válida. Para cada leitura de senha
incorreta informada, escrever a mensagem "Senha Invalida". Quando a senha for informada corretamente deve ser
impressa a mensagem "Acesso Permitido" e o algoritmo encerrado. Considere que a senha correta é o valor 2002.
            

            Console.WriteLine("Digite a senha: ");
            int password = int.Parse(Console.ReadLine());

           while (password != 2002) {
                Console.WriteLine("Senha Incorreta");
                password = int.Parse(Console.ReadLine());
            }
            Console.WriteLine("Acesso Permitido!");

             * */

            /* Exercicio 02
             * Escreva um programa para ler as coordenadas (X,Y) de uma quantidade indeterminada de pontos no sistema
cartesiano. Para cada ponto escrever o quadrante a que ele pertence. O algoritmo será encerrado quando pelo
menos uma de duas coordenadas for NULA (nesta situação sem escrever mensagem alguma).
             * 
            Console.WriteLine("Digite 2 numeros para coordenada (Na mesma Linha)");
            string[] var = Console.ReadLine().Split(" ");
            int x = int.Parse(var[0]);
            int y = int.Parse(var[1]);

            while(x != 0 && y != 0) {

                while(x > 0 && y > 0) {
                    Console.WriteLine("Primeiro");
                    Console.WriteLine("Digite 2 numeros para coordenada (Na mesma Linha)");
                    var = Console.ReadLine().Split(" ");
                    x = int.Parse(var[0]);
                    y = int.Parse(var[1]);

                } while(x < 0 && y > 0) {
                    Console.WriteLine("Segundo");
                    Console.WriteLine("Digite 2 numeros para coordenada (Na mesma Linha)");
                    var = Console.ReadLine().Split(" ");
                    x = int.Parse(var[0]);
                    y = int.Parse(var[1]);

                } while(x < 0 && y < 0) {
                    Console.WriteLine("terceiro");
                    Console.WriteLine("Digite 2 numeros para coordenada (Na mesma Linha)");
                    var = Console.ReadLine().Split(" ");
                    x = int.Parse(var[0]);
                    y = int.Parse(var[1]);

                } while(x > 0 && y < 0) {
                    Console.WriteLine("quarto");
                    Console.WriteLine("Digite 2 numeros para coordenada (Na mesma Linha)");
                    var = Console.ReadLine().Split(" ");
                    x = int.Parse(var[0]);
                    y = int.Parse(var[1]);
                }
            }

            Console.WriteLine(" ");
            */

            /* Exercicio 03
             *Um Posto de combustíveis deseja determinar qual de seus produtos tem a preferência de seus clientes. Escreva
um algoritmo para ler o tipo de combustível abastecido (codificado da seguinte forma: 1.Álcool 2.Gasolina 3.Diesel
4.Fim). Caso o usuário informe um código inválido (fora da faixa de 1 a 4) deve ser solicitado um novo código (até
que seja válido). O programa será encerrado quando o código informado for o número 4. Deve ser escrito a
mensagem: "MUITO OBRIGADO" e a quantidade de clientes que abasteceram cada tipo de combustível, conforme
exemplo. 
             *

            Console.WriteLine(" Qual dos combustivel abaixo te deixa mais satisfeito: ");
            Console.WriteLine(" 1. Alcool ");
            Console.WriteLine(" 2. Gasolina ");
            Console.WriteLine(" 3. Diesel ");
            Console.WriteLine(" 4. Fim ");
            Console.WriteLine(" ");

            Console.Write("Digito: ");

            int feedback = int.Parse(Console.ReadLine());
            int al = 0;
            int ga = 0;
            int di = 0;

            while(feedback != 4) {

                while(feedback == 1) {
                    al++;
                    Console.WriteLine(" ");
                    Console.WriteLine(" Qual dos combustivel abaixo te deixa mais satisfeito: ");
                    Console.WriteLine(" 1. Alcool ");
                    Console.WriteLine(" 2. Gasolina ");
                    Console.WriteLine(" 3. Diesel ");
                    Console.WriteLine(" 4. Fim ");
                    Console.WriteLine(" ");
                    Console.Write("Digito: ");
                    feedback = int.Parse(Console.ReadLine());

                } while(feedback == 2) {
                    ga++;
                    Console.WriteLine(" ");
                    Console.WriteLine(" Qual dos combustivel abaixo te deixa mais satisfeito: ");
                    Console.WriteLine(" 1. Alcool ");
                    Console.WriteLine(" 2. Gasolina ");
                    Console.WriteLine(" 3. Diesel ");
                    Console.WriteLine(" 4. Fim ");
                    Console.WriteLine(" ");
                    Console.Write("Digito: ");
                    feedback = int.Parse(Console.ReadLine());

                } while(feedback == 3) {
                    di++;
                    Console.WriteLine(" ");
                    Console.WriteLine(" Qual dos combustivel abaixo te deixa mais satisfeito: ");
                    Console.WriteLine(" 1. Alcool ");
                    Console.WriteLine(" 2. Gasolina ");
                    Console.WriteLine(" 3. Diesel ");
                    Console.WriteLine(" 4. Fim ");
                    Console.WriteLine(" ");
                    Console.Write("Digito: ");
                    feedback = int.Parse(Console.ReadLine());


                } while(feedback < 1 || feedback > 4) {
                    Console.WriteLine(" ");
                    Console.WriteLine("Numero invalido! Digite novamente");
                    Console.WriteLine(" ");
                    Console.Write("Digito: ");
                    feedback = int.Parse(Console.ReadLine());
                }
            }

            Console.WriteLine(" ");
            Console.WriteLine("MUITO OBRIGADO");
            Console.WriteLine("Alcool: " + al);
            Console.WriteLine("Gasolina: " + ga);
            Console.WriteLine("Diesel: " + di);
             */
        }
    }
}